
Microsoft Visual Studio Solution File, Format Version 12.00
Project("{FAE04EC0-301F-11D3-BF4B-00C04F79EFBC}") = "Sidio.Geography", "src\Sidio.Geography\Sidio.Geography.csproj", "{35312501-3EB1-4F90-B1A7-EBE5A4D8A8C4}"
EndProject
Project("{2150E333-8FDC-42A3-9474-1A3956D46DE8}") = "Src", "Src", "{DD55F9CD-BB72-4052-8B36-4A5252DDB5B9}"
EndProject
Project("{2150E333-8FDC-42A3-9474-1A3956D46DE8}") = "Tests", "Tests", "{5F1DE249-A4D1-4F8E-B6DE-FA83EA5D7728}"
EndProject
Project("{2150E333-8FDC-42A3-9474-1A3956D46DE8}") = "SolutionItems", "SolutionItems", "{00020245-8896-4A77-950E-8C256D727718}"
	ProjectSection(SolutionItems) = preProject
		.gitignore = .gitignore
		LICENSE = LICENSE
		README.md = README.md
		SECURITY.md = SECURITY.md
	EndProjectSection
EndProject
Project("{FAE04EC0-301F-11D3-BF4B-00C04F79EFBC}") = "Sidio.Geography.Tests", "src\Sidio.Geography.Tests\Sidio.Geography.Tests.csproj", "{BC9553F8-DCF4-42E5-BB9B-EDD687A5CDDA}"
EndProject
Project("{2150E333-8FDC-42A3-9474-1A3956D46DE8}") = "Workflows", "Workflows", "{083D6BF0-083E-4CEE-BD57-672060191EF7}"
	ProjectSection(SolutionItems) = preProject
		.github\dependabot.yml = .github\dependabot.yml
		.github\workflows\build.yml = .github\workflows\build.yml
		.github\workflows\release.yml = .github\workflows\release.yml
	EndProjectSection
EndProject
Global
	GlobalSection(SolutionConfigurationPlatforms) = preSolution
		Debug|Any CPU = Debug|Any CPU
		Release|Any CPU = Release|Any CPU
	EndGlobalSection
	GlobalSection(ProjectConfigurationPlatforms) = postSolution
		{35312501-3EB1-4F90-B1A7-EBE5A4D8A8C4}.Debug|Any CPU.ActiveCfg = Debug|Any CPU
		{35312501-3EB1-4F90-B1A7-EBE5A4D8A8C4}.Debug|Any CPU.Build.0 = Debug|Any CPU
		{35312501-3EB1-4F90-B1A7-EBE5A4D8A8C4}.Release|Any CPU.ActiveCfg = Release|Any CPU
		{35312501-3EB1-4F90-B1A7-EBE5A4D8A8C4}.Release|Any CPU.Build.0 = Release|Any CPU
		{BC9553F8-DCF4-42E5-BB9B-EDD687A5CDDA}.Debug|Any CPU.ActiveCfg = Debug|Any CPU
		{BC9553F8-DCF4-42E5-BB9B-EDD687A5CDDA}.Debug|Any CPU.Build.0 = Debug|Any CPU
		{BC9553F8-DCF4-42E5-BB9B-EDD687A5CDDA}.Release|Any CPU.ActiveCfg = Release|Any CPU
		{BC9553F8-DCF4-42E5-BB9B-EDD687A5CDDA}.Release|Any CPU.Build.0 = Release|Any CPU
	EndGlobalSection
	GlobalSection(NestedProjects) = preSolution
		{35312501-3EB1-4F90-B1A7-EBE5A4D8A8C4} = {DD55F9CD-BB72-4052-8B36-4A5252DDB5B9}
		{BC9553F8-DCF4-42E5-BB9B-EDD687A5CDDA} = {5F1DE249-A4D1-4F8E-B6DE-FA83EA5D7728}
	EndGlobalSection
EndGlobal
